
Microsoft Visual Studio Solution File, Format Version 12.00
# Visual Studio 15
VisualStudioVersion = 15.0.28010.2026
MinimumVisualStudioVersion = 10.0.40219.1
Project("{9A19103F-16F7-4668-BE54-9A1E7A4F7556}") = "ANVITHAEDA_ISAM5430_HW2", "ANVITHAEDA_ISAM5430_HW2\ANVITHAEDA_ISAM5430_HW2.csproj", "{1AD8C4A9-828F-4E2F-9CDF-8CB88BF1C82C}"
EndProject
Project("{9A19103F-16F7-4668-BE54-9A1E7A4F7556}") = "Controlled iterations", "Controlled iterations\Controlled iterations.csproj", "{38A0A6F6-6B04-44E2-8692-A8E82D9929BE}"
EndProject
Project("{FAE04EC0-301F-11D3-BF4B-00C04F79EFBC}") = "Control variables", "Control variables\Control variables.csproj", "{EB4346D5-69DC-46F8-BE7D-5D3BEBC2FD01}"
EndProject
Global
	GlobalSection(SolutionConfigurationPlatforms) = preSolution
		Debug|Any CPU = Debug|Any CPU
		Release|Any CPU = Release|Any CPU
	EndGlobalSection
	GlobalSection(ProjectConfigurationPlatforms) = postSolution
		{1AD8C4A9-828F-4E2F-9CDF-8CB88BF1C82C}.Debug|Any CPU.ActiveCfg = Debug|Any CPU
		{1AD8C4A9-828F-4E2F-9CDF-8CB88BF1C82C}.Debug|Any CPU.Build.0 = Debug|Any CPU
		{1AD8C4A9-828F-4E2F-9CDF-8CB88BF1C82C}.Release|Any CPU.ActiveCfg = Release|Any CPU
		{1AD8C4A9-828F-4E2F-9CDF-8CB88BF1C82C}.Release|Any CPU.Build.0 = Release|Any CPU
		{38A0A6F6-6B04-44E2-8692-A8E82D9929BE}.Debug|Any CPU.ActiveCfg = Debug|Any CPU
		{38A0A6F6-6B04-44E2-8692-A8E82D9929BE}.Debug|Any CPU.Build.0 = Debug|Any CPU
		{38A0A6F6-6B04-44E2-8692-A8E82D9929BE}.Release|Any CPU.ActiveCfg = Release|Any CPU
		{38A0A6F6-6B04-44E2-8692-A8E82D9929BE}.Release|Any CPU.Build.0 = Release|Any CPU
		{EB4346D5-69DC-46F8-BE7D-5D3BEBC2FD01}.Debug|Any CPU.ActiveCfg = Debug|Any CPU
		{EB4346D5-69DC-46F8-BE7D-5D3BEBC2FD01}.Debug|Any CPU.Build.0 = Debug|Any CPU
		{EB4346D5-69DC-46F8-BE7D-5D3BEBC2FD01}.Release|Any CPU.ActiveCfg = Release|Any CPU
		{EB4346D5-69DC-46F8-BE7D-5D3BEBC2FD01}.Release|Any CPU.Build.0 = Release|Any CPU
	EndGlobalSection
	GlobalSection(SolutionProperties) = preSolution
		HideSolutionNode = FALSE
	EndGlobalSection
	GlobalSection(ExtensibilityGlobals) = postSolution
		SolutionGuid = {51882183-81E0-4010-8CA8-BBDE519FE790}
	EndGlobalSection
EndGlobal
